
Microsoft Visual Studio Solution File, Format Version 12.00
# Visual Studio 15
VisualStudioVersion = 15.0.28010.2048
MinimumVisualStudioVersion = 10.0.40219.1
Project("{9A19103F-16F7-4668-BE54-9A1E7A4F7556}") = "ServiceBus", "ServiceBus\ServiceBus.csproj", "{14AA757B-8CCC-4C94-BD0D-BA033CCAAB08}"
EndProject
Project("{9A19103F-16F7-4668-BE54-9A1E7A4F7556}") = "Functions", "Functions\Functions.csproj", "{D4D434DE-3A76-4252-A661-01DF3827EF4A}"
EndProject
Project("{9A19103F-16F7-4668-BE54-9A1E7A4F7556}") = "Redis.Cache", "Redis.Cache\Redis.Cache.csproj", "{3A8196A5-8BC3-4F51-9244-8EF93F4B73ED}"
EndProject
Project("{9A19103F-16F7-4668-BE54-9A1E7A4F7556}") = "Main", "Main\Main.csproj", "{C607709E-1474-4C56-BCF0-D0B2F045322D}"
EndProject
Project("{9A19103F-16F7-4668-BE54-9A1E7A4F7556}") = "StorageAccount", "StorageAccount\StorageAccount.csproj", "{29A6A02B-0C2C-4C61-B84B-835367170C87}"
EndProject
Project("{FAE04EC0-301F-11D3-BF4B-00C04F79EFBC}") = "CosmosDB", "CosmosDB\CosmosDB.csproj", "{B71AFDF1-FE14-4C5D-90D2-269F387202EE}"
EndProject
Global
	GlobalSection(SolutionConfigurationPlatforms) = preSolution
		Debug|Any CPU = Debug|Any CPU
		Release|Any CPU = Release|Any CPU
	EndGlobalSection
	GlobalSection(ProjectConfigurationPlatforms) = postSolution
		{14AA757B-8CCC-4C94-BD0D-BA033CCAAB08}.Debug|Any CPU.ActiveCfg = Debug|Any CPU
		{14AA757B-8CCC-4C94-BD0D-BA033CCAAB08}.Debug|Any CPU.Build.0 = Debug|Any CPU
		{14AA757B-8CCC-4C94-BD0D-BA033CCAAB08}.Release|Any CPU.ActiveCfg = Release|Any CPU
		{14AA757B-8CCC-4C94-BD0D-BA033CCAAB08}.Release|Any CPU.Build.0 = Release|Any CPU
		{D4D434DE-3A76-4252-A661-01DF3827EF4A}.Debug|Any CPU.ActiveCfg = Debug|Any CPU
		{D4D434DE-3A76-4252-A661-01DF3827EF4A}.Debug|Any CPU.Build.0 = Debug|Any CPU
		{D4D434DE-3A76-4252-A661-01DF3827EF4A}.Release|Any CPU.ActiveCfg = Release|Any CPU
		{D4D434DE-3A76-4252-A661-01DF3827EF4A}.Release|Any CPU.Build.0 = Release|Any CPU
		{3A8196A5-8BC3-4F51-9244-8EF93F4B73ED}.Debug|Any CPU.ActiveCfg = Debug|Any CPU
		{3A8196A5-8BC3-4F51-9244-8EF93F4B73ED}.Debug|Any CPU.Build.0 = Debug|Any CPU
		{3A8196A5-8BC3-4F51-9244-8EF93F4B73ED}.Release|Any CPU.ActiveCfg = Release|Any CPU
		{3A8196A5-8BC3-4F51-9244-8EF93F4B73ED}.Release|Any CPU.Build.0 = Release|Any CPU
		{C607709E-1474-4C56-BCF0-D0B2F045322D}.Debug|Any CPU.ActiveCfg = Debug|Any CPU
		{C607709E-1474-4C56-BCF0-D0B2F045322D}.Debug|Any CPU.Build.0 = Debug|Any CPU
		{C607709E-1474-4C56-BCF0-D0B2F045322D}.Release|Any CPU.ActiveCfg = Release|Any CPU
		{C607709E-1474-4C56-BCF0-D0B2F045322D}.Release|Any CPU.Build.0 = Release|Any CPU
		{29A6A02B-0C2C-4C61-B84B-835367170C87}.Debug|Any CPU.ActiveCfg = Debug|Any CPU
		{29A6A02B-0C2C-4C61-B84B-835367170C87}.Debug|Any CPU.Build.0 = Debug|Any CPU
		{29A6A02B-0C2C-4C61-B84B-835367170C87}.Release|Any CPU.ActiveCfg = Release|Any CPU
		{29A6A02B-0C2C-4C61-B84B-835367170C87}.Release|Any CPU.Build.0 = Release|Any CPU
		{B71AFDF1-FE14-4C5D-90D2-269F387202EE}.Debug|Any CPU.ActiveCfg = Debug|Any CPU
		{B71AFDF1-FE14-4C5D-90D2-269F387202EE}.Debug|Any CPU.Build.0 = Debug|Any CPU
		{B71AFDF1-FE14-4C5D-90D2-269F387202EE}.Release|Any CPU.ActiveCfg = Release|Any CPU
		{B71AFDF1-FE14-4C5D-90D2-269F387202EE}.Release|Any CPU.Build.0 = Release|Any CPU
	EndGlobalSection
	GlobalSection(SolutionProperties) = preSolution
		HideSolutionNode = FALSE
	EndGlobalSection
	GlobalSection(ExtensibilityGlobals) = postSolution
		SolutionGuid = {F42B715D-80C0-43A9-92DF-8273BE37E660}
	EndGlobalSection
EndGlobal
